
Microsoft Visual Studio Solution File, Format Version 12.00
# Visual Studio 14
VisualStudioVersion = 14.0.25123.0
MinimumVisualStudioVersion = 10.0.40219.1
Project("{FAE04EC0-301F-11D3-BF4B-00C04F79EFBC}") = "Academico.Domain", "Academico.Domain\Academico.Domain.csproj", "{DFB010EA-8891-4D41-A478-BF68C62C1021}"
EndProject
Project("{2150E333-8FDC-42A3-9474-1A3956D46DE8}") = "0 - Presentation", "0 - Presentation", "{3F1EE5C4-CCF0-4526-8AB3-24FE2908567D}"
EndProject
Project("{2150E333-8FDC-42A3-9474-1A3956D46DE8}") = "1 - Services", "1 - Services", "{706F1962-FF1B-4F50-8F86-C7D0B41AB9E5}"
EndProject
Project("{2150E333-8FDC-42A3-9474-1A3956D46DE8}") = "2 - Application", "2 - Application", "{3B6E57AA-E086-4B9F-B9E4-D24D0255D9DC}"
EndProject
Project("{2150E333-8FDC-42A3-9474-1A3956D46DE8}") = "3 - Domain", "3 - Domain", "{031BBEF6-79F1-4A7D-8F3F-794FAA84803B}"
EndProject
Project("{2150E333-8FDC-42A3-9474-1A3956D46DE8}") = "4 - Infra", "4 - Infra", "{3B2ED14E-3C2B-4BC3-AE61-67D461937DD8}"
EndProject
Project("{FAE04EC0-301F-11D3-BF4B-00C04F79EFBC}") = "Academico.Domain.Test", "Academico.Domain.Test\Academico.Domain.Test.csproj", "{69CB438D-45D4-46BD-BB3B-11FBB8BD1B08}"
EndProject
Project("{2150E333-8FDC-42A3-9474-1A3956D46DE8}") = "4.1 - Data", "4.1 - Data", "{3293AC8A-B35C-4FAF-A349-A226A3D81CDD}"
EndProject
Project("{2150E333-8FDC-42A3-9474-1A3956D46DE8}") = "4.2 - CrossCutting", "4.2 - CrossCutting", "{DB96687F-B26F-43EC-B875-DD47E2951FA5}"
EndProject
Project("{FAE04EC0-301F-11D3-BF4B-00C04F79EFBC}") = "Academico.Application", "Academico.Application\Academico.Application.csproj", "{B794CF42-7AE3-46AE-A991-A8B66A7E8F25}"
EndProject
Project("{FAE04EC0-301F-11D3-BF4B-00C04F79EFBC}") = "Academico.Infra.Data", "Academico.Infra.Data\Academico.Infra.Data.csproj", "{D1AC6FCE-41B0-4511-A12D-E6DD3457D6AE}"
EndProject
Project("{FAE04EC0-301F-11D3-BF4B-00C04F79EFBC}") = "Academico.Infra.CrossCutting.IoC", "Academico.Infra.CrossCutting.IoC\Academico.Infra.CrossCutting.IoC.csproj", "{63E8738A-014D-4D2D-BF98-37890550F86A}"
EndProject
Project("{FAE04EC0-301F-11D3-BF4B-00C04F79EFBC}") = "Academico.Services.WebApi", "Academico.Services.WebApi\Academico.Services.WebApi.csproj", "{E45D52CD-7C1A-4B3C-B869-BDD5A86CD2B8}"
EndProject
Global
	GlobalSection(SolutionConfigurationPlatforms) = preSolution
		Debug|Any CPU = Debug|Any CPU
		Release|Any CPU = Release|Any CPU
	EndGlobalSection
	GlobalSection(ProjectConfigurationPlatforms) = postSolution
		{DFB010EA-8891-4D41-A478-BF68C62C1021}.Debug|Any CPU.ActiveCfg = Debug|Any CPU
		{DFB010EA-8891-4D41-A478-BF68C62C1021}.Debug|Any CPU.Build.0 = Debug|Any CPU
		{DFB010EA-8891-4D41-A478-BF68C62C1021}.Release|Any CPU.ActiveCfg = Release|Any CPU
		{DFB010EA-8891-4D41-A478-BF68C62C1021}.Release|Any CPU.Build.0 = Release|Any CPU
		{69CB438D-45D4-46BD-BB3B-11FBB8BD1B08}.Debug|Any CPU.ActiveCfg = Debug|Any CPU
		{69CB438D-45D4-46BD-BB3B-11FBB8BD1B08}.Debug|Any CPU.Build.0 = Debug|Any CPU
		{69CB438D-45D4-46BD-BB3B-11FBB8BD1B08}.Release|Any CPU.ActiveCfg = Release|Any CPU
		{69CB438D-45D4-46BD-BB3B-11FBB8BD1B08}.Release|Any CPU.Build.0 = Release|Any CPU
		{B794CF42-7AE3-46AE-A991-A8B66A7E8F25}.Debug|Any CPU.ActiveCfg = Debug|Any CPU
		{B794CF42-7AE3-46AE-A991-A8B66A7E8F25}.Debug|Any CPU.Build.0 = Debug|Any CPU
		{B794CF42-7AE3-46AE-A991-A8B66A7E8F25}.Release|Any CPU.ActiveCfg = Release|Any CPU
		{B794CF42-7AE3-46AE-A991-A8B66A7E8F25}.Release|Any CPU.Build.0 = Release|Any CPU
		{D1AC6FCE-41B0-4511-A12D-E6DD3457D6AE}.Debug|Any CPU.ActiveCfg = Debug|Any CPU
		{D1AC6FCE-41B0-4511-A12D-E6DD3457D6AE}.Debug|Any CPU.Build.0 = Debug|Any CPU
		{D1AC6FCE-41B0-4511-A12D-E6DD3457D6AE}.Release|Any CPU.ActiveCfg = Release|Any CPU
		{D1AC6FCE-41B0-4511-A12D-E6DD3457D6AE}.Release|Any CPU.Build.0 = Release|Any CPU
		{63E8738A-014D-4D2D-BF98-37890550F86A}.Debug|Any CPU.ActiveCfg = Debug|Any CPU
		{63E8738A-014D-4D2D-BF98-37890550F86A}.Debug|Any CPU.Build.0 = Debug|Any CPU
		{63E8738A-014D-4D2D-BF98-37890550F86A}.Release|Any CPU.ActiveCfg = Release|Any CPU
		{63E8738A-014D-4D2D-BF98-37890550F86A}.Release|Any CPU.Build.0 = Release|Any CPU
		{E45D52CD-7C1A-4B3C-B869-BDD5A86CD2B8}.Debug|Any CPU.ActiveCfg = Debug|Any CPU
		{E45D52CD-7C1A-4B3C-B869-BDD5A86CD2B8}.Debug|Any CPU.Build.0 = Debug|Any CPU
		{E45D52CD-7C1A-4B3C-B869-BDD5A86CD2B8}.Release|Any CPU.ActiveCfg = Release|Any CPU
		{E45D52CD-7C1A-4B3C-B869-BDD5A86CD2B8}.Release|Any CPU.Build.0 = Release|Any CPU
	EndGlobalSection
	GlobalSection(SolutionProperties) = preSolution
		HideSolutionNode = FALSE
	EndGlobalSection
	GlobalSection(NestedProjects) = preSolution
		{DFB010EA-8891-4D41-A478-BF68C62C1021} = {031BBEF6-79F1-4A7D-8F3F-794FAA84803B}
		{69CB438D-45D4-46BD-BB3B-11FBB8BD1B08} = {031BBEF6-79F1-4A7D-8F3F-794FAA84803B}
		{3293AC8A-B35C-4FAF-A349-A226A3D81CDD} = {3B2ED14E-3C2B-4BC3-AE61-67D461937DD8}
		{DB96687F-B26F-43EC-B875-DD47E2951FA5} = {3B2ED14E-3C2B-4BC3-AE61-67D461937DD8}
		{B794CF42-7AE3-46AE-A991-A8B66A7E8F25} = {3B6E57AA-E086-4B9F-B9E4-D24D0255D9DC}
		{D1AC6FCE-41B0-4511-A12D-E6DD3457D6AE} = {3293AC8A-B35C-4FAF-A349-A226A3D81CDD}
		{63E8738A-014D-4D2D-BF98-37890550F86A} = {DB96687F-B26F-43EC-B875-DD47E2951FA5}
		{E45D52CD-7C1A-4B3C-B869-BDD5A86CD2B8} = {706F1962-FF1B-4F50-8F86-C7D0B41AB9E5}
	EndGlobalSection
	GlobalSection(ExtensibilityGlobals) = postSolution
		EnterpriseLibraryConfigurationToolBinariesPathV6 = packages\EnterpriseLibrary.Common.6.0.1304.0\lib\NET45;packages\EnterpriseLibrary.Data.6.0.1304.0\lib\NET45
	EndGlobalSection
EndGlobal
